
Microsoft Visual Studio Solution File, Format Version 12.00
# Visual Studio Version 16
VisualStudioVersion = 16.0.31112.23
MinimumVisualStudioVersion = 10.0.40219.1
Project("{FAE04EC0-301F-11D3-BF4B-00C04F79EFBC}") = "CSharp", "CSharp\CSharp.csproj", "{0FDEFAAA-A87E-48B2-B39A-32E72BEE39C6}"
EndProject
Global
	GlobalSection(SolutionConfigurationPlatforms) = preSolution
		Debug|Any CPU = Debug|Any CPU
		Release|Any CPU = Release|Any CPU
	EndGlobalSection
	GlobalSection(ProjectConfigurationPlatforms) = postSolution
		{0FDEFAAA-A87E-48B2-B39A-32E72BEE39C6}.Debug|Any CPU.ActiveCfg = Debug|Any CPU
		{0FDEFAAA-A87E-48B2-B39A-32E72BEE39C6}.Debug|Any CPU.Build.0 = Debug|Any CPU
		{0FDEFAAA-A87E-48B2-B39A-32E72BEE39C6}.Release|Any CPU.ActiveCfg = Release|Any CPU
		{0FDEFAAA-A87E-48B2-B39A-32E72BEE39C6}.Release|Any CPU.Build.0 = Release|Any CPU
	EndGlobalSection
	GlobalSection(SolutionProperties) = preSolution
		HideSolutionNode = FALSE
	EndGlobalSection
	GlobalSection(ExtensibilityGlobals) = postSolution
		SolutionGuid = {C9E0CD81-C99D-4A54-B71D-901D3F796C80}
	EndGlobalSection
EndGlobal
